
Microsoft Visual Studio Solution File, Format Version 12.00
# Visual Studio 2013
VisualStudioVersion = 12.0.21005.1
MinimumVisualStudioVersion = 10.0.40219.1
Project("{F088123C-0E9E-452A-89E6-6BA2F21D5CAC}") = "ModelagemCinema", "ModelagemCinema\ModelagemCinema.modelproj", "{D474148F-7C0B-48F4-A1AD-967E6C58AEC2}"
EndProject
Project("{2150E333-8FDC-42A3-9474-1A3956D46DE8}") = "Solution Items", "Solution Items", "{D3B412A2-2277-4ACD-A1CE-C70B103B13FE}"
	ProjectSection(SolutionItems) = preProject
		Link MER e Requisitos.txt = Link MER e Requisitos.txt
	EndProjectSection
EndProject
Project("{FAE04EC0-301F-11D3-BF4B-00C04F79EFBC}") = "CinemaAdmin", "CinemaAdmin\CinemaAdmin.csproj", "{F545BC99-5123-401B-A2BA-3F1FD13F7B43}"
EndProject
Global
	GlobalSection(SolutionConfigurationPlatforms) = preSolution
		Debug|Any CPU = Debug|Any CPU
		Release|Any CPU = Release|Any CPU
	EndGlobalSection
	GlobalSection(ProjectConfigurationPlatforms) = postSolution
		{D474148F-7C0B-48F4-A1AD-967E6C58AEC2}.Debug|Any CPU.ActiveCfg = Debug|Any CPU
		{D474148F-7C0B-48F4-A1AD-967E6C58AEC2}.Debug|Any CPU.Build.0 = Debug|Any CPU
		{D474148F-7C0B-48F4-A1AD-967E6C58AEC2}.Release|Any CPU.ActiveCfg = Release|Any CPU
		{D474148F-7C0B-48F4-A1AD-967E6C58AEC2}.Release|Any CPU.Build.0 = Release|Any CPU
		{F545BC99-5123-401B-A2BA-3F1FD13F7B43}.Debug|Any CPU.ActiveCfg = Debug|Any CPU
		{F545BC99-5123-401B-A2BA-3F1FD13F7B43}.Debug|Any CPU.Build.0 = Debug|Any CPU
		{F545BC99-5123-401B-A2BA-3F1FD13F7B43}.Release|Any CPU.ActiveCfg = Release|Any CPU
		{F545BC99-5123-401B-A2BA-3F1FD13F7B43}.Release|Any CPU.Build.0 = Release|Any CPU
	EndGlobalSection
	GlobalSection(SolutionProperties) = preSolution
		HideSolutionNode = FALSE
	EndGlobalSection
EndGlobal
