
Microsoft Visual Studio Solution File, Format Version 11.00
# Visual Studio 2010
Project("{FAE04EC0-301F-11D3-BF4B-00C04F79EFBC}") = "prjEstacionamento", "prjEstacionamento\prjEstacionamento.csproj", "{BAF1D954-4104-40B2-81CF-DC30C6A3CDBE}"
EndProject
Global
	GlobalSection(SolutionConfigurationPlatforms) = preSolution
		Debug|Any CPU = Debug|Any CPU
		Release|Any CPU = Release|Any CPU
	EndGlobalSection
	GlobalSection(ProjectConfigurationPlatforms) = postSolution
		{BAF1D954-4104-40B2-81CF-DC30C6A3CDBE}.Debug|Any CPU.ActiveCfg = Debug|Any CPU
		{BAF1D954-4104-40B2-81CF-DC30C6A3CDBE}.Debug|Any CPU.Build.0 = Debug|Any CPU
		{BAF1D954-4104-40B2-81CF-DC30C6A3CDBE}.Release|Any CPU.ActiveCfg = Release|Any CPU
		{BAF1D954-4104-40B2-81CF-DC30C6A3CDBE}.Release|Any CPU.Build.0 = Release|Any CPU
	EndGlobalSection
	GlobalSection(SolutionProperties) = preSolution
		HideSolutionNode = FALSE
	EndGlobalSection
EndGlobal
